
Microsoft Visual Studio Solution File, Format Version 12.00
# Visual Studio Version 17
VisualStudioVersion = 17.5.002.0
MinimumVisualStudioVersion = 10.0.40219.1
Project("{2150E333-8FDC-42A3-9474-1A3956D46DE8}") = "csharp-prep", "csharp-prep", "{1F681737-CD4A-40A2-9B62-687EC20653B1}"
EndProject
Project("{9A19103F-16F7-4668-BE54-9A1E7A4F7556}") = "Prep1", "csharp-prep\Prep1\Prep1.csproj", "{D72949C2-3C98-4D8B-93F9-FB3D4879F371}"
EndProject
Project("{9A19103F-16F7-4668-BE54-9A1E7A4F7556}") = "Prep2", "csharp-prep\Prep2\Prep2.csproj", "{E9073B64-6EBA-47F4-8463-1372C40A3D31}"
EndProject
Project("{9A19103F-16F7-4668-BE54-9A1E7A4F7556}") = "Prep3", "csharp-prep\Prep3\Prep3.csproj", "{3B8832A8-E184-4AFD-80FC-08395F4905BA}"
EndProject
Project("{9A19103F-16F7-4668-BE54-9A1E7A4F7556}") = "Prep4", "csharp-prep\Prep4\Prep4.csproj", "{1B0D5337-C4CB-4C18-B6F8-74AFFDE13501}"
EndProject
Project("{9A19103F-16F7-4668-BE54-9A1E7A4F7556}") = "Prep5", "csharp-prep\Prep5\Prep5.csproj", "{8FAF8EED-70B8-476C-A2C3-235075E4273C}"
EndProject
Project("{2150E333-8FDC-42A3-9474-1A3956D46DE8}") = "final", "final", "{BB9EBF0A-7B37-4A92-9458-4AEA5C37490F}"
EndProject
Project("{9A19103F-16F7-4668-BE54-9A1E7A4F7556}") = "FinalProject", "final\FinalProject\FinalProject.csproj", "{D77C68AE-E869-4AB5-B4C5-12E09B881005}"
EndProject
Project("{9A19103F-16F7-4668-BE54-9A1E7A4F7556}") = "Foundation1", "final\Foundation1\Foundation1.csproj", "{06A042B0-9686-425A-8E25-BFB704B39870}"
EndProject
Project("{9A19103F-16F7-4668-BE54-9A1E7A4F7556}") = "Foundation2", "final\Foundation2\Foundation2.csproj", "{E0080F9C-EA1B-46FB-8E4E-ADE1BD788F6E}"
EndProject
Project("{9A19103F-16F7-4668-BE54-9A1E7A4F7556}") = "Foundation3", "final\Foundation3\Foundation3.csproj", "{E93F299F-E2C1-4767-930B-E5A24CF85E13}"
EndProject
Project("{9A19103F-16F7-4668-BE54-9A1E7A4F7556}") = "Foundation4", "final\Foundation4\Foundation4.csproj", "{9CAB5228-DD40-40BD-BFE7-DB43973E99AF}"
EndProject
Project("{2150E333-8FDC-42A3-9474-1A3956D46DE8}") = "prepare", "prepare", "{D0ABD7F8-1931-4535-885B-7C5E6AA9AEFA}"
EndProject
Project("{9A19103F-16F7-4668-BE54-9A1E7A4F7556}") = "Learning02", "prepare\Learning02\Learning02.csproj", "{D26A348C-4BB5-4A14-BDE2-B3F5921DD271}"
EndProject
Project("{9A19103F-16F7-4668-BE54-9A1E7A4F7556}") = "Learning03", "prepare\Learning03\Learning03.csproj", "{BE645DDE-99CB-45E8-8277-5C8D1BE0015A}"
EndProject
Project("{9A19103F-16F7-4668-BE54-9A1E7A4F7556}") = "Learning04", "prepare\Learning04\Learning04.csproj", "{F822BEE2-475A-49AB-90C0-43ECDBADC1EE}"
EndProject
Project("{9A19103F-16F7-4668-BE54-9A1E7A4F7556}") = "Learning05", "prepare\Learning05\Learning05.csproj", "{8AC914FF-2FB9-4FB6-9C4B-0DBD69857EAC}"
EndProject
Project("{2150E333-8FDC-42A3-9474-1A3956D46DE8}") = "prove", "prove", "{24FB6197-6B1D-472C-B515-CBBE8C54C700}"
EndProject
Project("{9A19103F-16F7-4668-BE54-9A1E7A4F7556}") = "Develop02", "prove\Develop02\Develop02.csproj", "{E4CFFDD9-34BB-4B84-A18B-CF6C18E12785}"
EndProject
Project("{9A19103F-16F7-4668-BE54-9A1E7A4F7556}") = "Develop03", "prove\Develop03\Develop03.csproj", "{89F5CBD1-2799-4560-A5CC-482E0181DB50}"
EndProject
Project("{9A19103F-16F7-4668-BE54-9A1E7A4F7556}") = "Develop04", "prove\Develop04\Develop04.csproj", "{F2A3C782-23EE-4BB3-ADE4-7A5307B8DA8F}"
EndProject
Project("{9A19103F-16F7-4668-BE54-9A1E7A4F7556}") = "Develop05", "prove\Develop05\Develop05.csproj", "{B7231AF7-95F9-4270-A02B-D4EAB3814640}"
EndProject
Project("{2150E333-8FDC-42A3-9474-1A3956D46DE8}") = "sandbox", "sandbox", "{A9D9C96B-450B-49DC-9D99-2B39DA18F504}"
EndProject
Project("{9A19103F-16F7-4668-BE54-9A1E7A4F7556}") = "Sandbox", "sandbox\Sandbox\Sandbox.csproj", "{47A19531-30C3-4328-801A-DE0E8619EF8F}"
EndProject
Global
	GlobalSection(SolutionConfigurationPlatforms) = preSolution
		Debug|Any CPU = Debug|Any CPU
		Release|Any CPU = Release|Any CPU
	EndGlobalSection
	GlobalSection(ProjectConfigurationPlatforms) = postSolution
		{D72949C2-3C98-4D8B-93F9-FB3D4879F371}.Debug|Any CPU.ActiveCfg = Debug|Any CPU
		{D72949C2-3C98-4D8B-93F9-FB3D4879F371}.Debug|Any CPU.Build.0 = Debug|Any CPU
		{D72949C2-3C98-4D8B-93F9-FB3D4879F371}.Release|Any CPU.ActiveCfg = Release|Any CPU
		{D72949C2-3C98-4D8B-93F9-FB3D4879F371}.Release|Any CPU.Build.0 = Release|Any CPU
		{E9073B64-6EBA-47F4-8463-1372C40A3D31}.Debug|Any CPU.ActiveCfg = Debug|Any CPU
		{E9073B64-6EBA-47F4-8463-1372C40A3D31}.Debug|Any CPU.Build.0 = Debug|Any CPU
		{E9073B64-6EBA-47F4-8463-1372C40A3D31}.Release|Any CPU.ActiveCfg = Release|Any CPU
		{E9073B64-6EBA-47F4-8463-1372C40A3D31}.Release|Any CPU.Build.0 = Release|Any CPU
		{3B8832A8-E184-4AFD-80FC-08395F4905BA}.Debug|Any CPU.ActiveCfg = Debug|Any CPU
		{3B8832A8-E184-4AFD-80FC-08395F4905BA}.Debug|Any CPU.Build.0 = Debug|Any CPU
		{3B8832A8-E184-4AFD-80FC-08395F4905BA}.Release|Any CPU.ActiveCfg = Release|Any CPU
		{3B8832A8-E184-4AFD-80FC-08395F4905BA}.Release|Any CPU.Build.0 = Release|Any CPU
		{1B0D5337-C4CB-4C18-B6F8-74AFFDE13501}.Debug|Any CPU.ActiveCfg = Debug|Any CPU
		{1B0D5337-C4CB-4C18-B6F8-74AFFDE13501}.Debug|Any CPU.Build.0 = Debug|Any CPU
		{1B0D5337-C4CB-4C18-B6F8-74AFFDE13501}.Release|Any CPU.ActiveCfg = Release|Any CPU
		{1B0D5337-C4CB-4C18-B6F8-74AFFDE13501}.Release|Any CPU.Build.0 = Release|Any CPU
		{8FAF8EED-70B8-476C-A2C3-235075E4273C}.Debug|Any CPU.ActiveCfg = Debug|Any CPU
		{8FAF8EED-70B8-476C-A2C3-235075E4273C}.Debug|Any CPU.Build.0 = Debug|Any CPU
		{8FAF8EED-70B8-476C-A2C3-235075E4273C}.Release|Any CPU.ActiveCfg = Release|Any CPU
		{8FAF8EED-70B8-476C-A2C3-235075E4273C}.Release|Any CPU.Build.0 = Release|Any CPU
		{D77C68AE-E869-4AB5-B4C5-12E09B881005}.Debug|Any CPU.ActiveCfg = Debug|Any CPU
		{D77C68AE-E869-4AB5-B4C5-12E09B881005}.Debug|Any CPU.Build.0 = Debug|Any CPU
		{D77C68AE-E869-4AB5-B4C5-12E09B881005}.Release|Any CPU.ActiveCfg = Release|Any CPU
		{D77C68AE-E869-4AB5-B4C5-12E09B881005}.Release|Any CPU.Build.0 = Release|Any CPU
		{06A042B0-9686-425A-8E25-BFB704B39870}.Debug|Any CPU.ActiveCfg = Debug|Any CPU
		{06A042B0-9686-425A-8E25-BFB704B39870}.Debug|Any CPU.Build.0 = Debug|Any CPU
		{06A042B0-9686-425A-8E25-BFB704B39870}.Release|Any CPU.ActiveCfg = Release|Any CPU
		{06A042B0-9686-425A-8E25-BFB704B39870}.Release|Any CPU.Build.0 = Release|Any CPU
		{E0080F9C-EA1B-46FB-8E4E-ADE1BD788F6E}.Debug|Any CPU.ActiveCfg = Debug|Any CPU
		{E0080F9C-EA1B-46FB-8E4E-ADE1BD788F6E}.Debug|Any CPU.Build.0 = Debug|Any CPU
		{E0080F9C-EA1B-46FB-8E4E-ADE1BD788F6E}.Release|Any CPU.ActiveCfg = Release|Any CPU
		{E0080F9C-EA1B-46FB-8E4E-ADE1BD788F6E}.Release|Any CPU.Build.0 = Release|Any CPU
		{E93F299F-E2C1-4767-930B-E5A24CF85E13}.Debug|Any CPU.ActiveCfg = Debug|Any CPU
		{E93F299F-E2C1-4767-930B-E5A24CF85E13}.Debug|Any CPU.Build.0 = Debug|Any CPU
		{E93F299F-E2C1-4767-930B-E5A24CF85E13}.Release|Any CPU.ActiveCfg = Release|Any CPU
		{E93F299F-E2C1-4767-930B-E5A24CF85E13}.Release|Any CPU.Build.0 = Release|Any CPU
		{9CAB5228-DD40-40BD-BFE7-DB43973E99AF}.Debug|Any CPU.ActiveCfg = Debug|Any CPU
		{9CAB5228-DD40-40BD-BFE7-DB43973E99AF}.Debug|Any CPU.Build.0 = Debug|Any CPU
		{9CAB5228-DD40-40BD-BFE7-DB43973E99AF}.Release|Any CPU.ActiveCfg = Release|Any CPU
		{9CAB5228-DD40-40BD-BFE7-DB43973E99AF}.Release|Any CPU.Build.0 = Release|Any CPU
		{D26A348C-4BB5-4A14-BDE2-B3F5921DD271}.Debug|Any CPU.ActiveCfg = Debug|Any CPU
		{D26A348C-4BB5-4A14-BDE2-B3F5921DD271}.Debug|Any CPU.Build.0 = Debug|Any CPU
		{D26A348C-4BB5-4A14-BDE2-B3F5921DD271}.Release|Any CPU.ActiveCfg = Release|Any CPU
		{D26A348C-4BB5-4A14-BDE2-B3F5921DD271}.Release|Any CPU.Build.0 = Release|Any CPU
		{BE645DDE-99CB-45E8-8277-5C8D1BE0015A}.Debug|Any CPU.ActiveCfg = Debug|Any CPU
		{BE645DDE-99CB-45E8-8277-5C8D1BE0015A}.Debug|Any CPU.Build.0 = Debug|Any CPU
		{BE645DDE-99CB-45E8-8277-5C8D1BE0015A}.Release|Any CPU.ActiveCfg = Release|Any CPU
		{BE645DDE-99CB-45E8-8277-5C8D1BE0015A}.Release|Any CPU.Build.0 = Release|Any CPU
		{F822BEE2-475A-49AB-90C0-43ECDBADC1EE}.Debug|Any CPU.ActiveCfg = Debug|Any CPU
		{F822BEE2-475A-49AB-90C0-43ECDBADC1EE}.Debug|Any CPU.Build.0 = Debug|Any CPU
		{F822BEE2-475A-49AB-90C0-43ECDBADC1EE}.Release|Any CPU.ActiveCfg = Release|Any CPU
		{F822BEE2-475A-49AB-90C0-43ECDBADC1EE}.Release|Any CPU.Build.0 = Release|Any CPU
		{8AC914FF-2FB9-4FB6-9C4B-0DBD69857EAC}.Debug|Any CPU.ActiveCfg = Debug|Any CPU
		{8AC914FF-2FB9-4FB6-9C4B-0DBD69857EAC}.Debug|Any CPU.Build.0 = Debug|Any CPU
		{8AC914FF-2FB9-4FB6-9C4B-0DBD69857EAC}.Release|Any CPU.ActiveCfg = Release|Any CPU
		{8AC914FF-2FB9-4FB6-9C4B-0DBD69857EAC}.Release|Any CPU.Build.0 = Release|Any CPU
		{E4CFFDD9-34BB-4B84-A18B-CF6C18E12785}.Debug|Any CPU.ActiveCfg = Debug|Any CPU
		{E4CFFDD9-34BB-4B84-A18B-CF6C18E12785}.Debug|Any CPU.Build.0 = Debug|Any CPU
		{E4CFFDD9-34BB-4B84-A18B-CF6C18E12785}.Release|Any CPU.ActiveCfg = Release|Any CPU
		{E4CFFDD9-34BB-4B84-A18B-CF6C18E12785}.Release|Any CPU.Build.0 = Release|Any CPU
		{89F5CBD1-2799-4560-A5CC-482E0181DB50}.Debug|Any CPU.ActiveCfg = Debug|Any CPU
		{89F5CBD1-2799-4560-A5CC-482E0181DB50}.Debug|Any CPU.Build.0 = Debug|Any CPU
		{89F5CBD1-2799-4560-A5CC-482E0181DB50}.Release|Any CPU.ActiveCfg = Release|Any CPU
		{89F5CBD1-2799-4560-A5CC-482E0181DB50}.Release|Any CPU.Build.0 = Release|Any CPU
		{F2A3C782-23EE-4BB3-ADE4-7A5307B8DA8F}.Debug|Any CPU.ActiveCfg = Debug|Any CPU
		{F2A3C782-23EE-4BB3-ADE4-7A5307B8DA8F}.Debug|Any CPU.Build.0 = Debug|Any CPU
		{F2A3C782-23EE-4BB3-ADE4-7A5307B8DA8F}.Release|Any CPU.ActiveCfg = Release|Any CPU
		{F2A3C782-23EE-4BB3-ADE4-7A5307B8DA8F}.Release|Any CPU.Build.0 = Release|Any CPU
		{B7231AF7-95F9-4270-A02B-D4EAB3814640}.Debug|Any CPU.ActiveCfg = Debug|Any CPU
		{B7231AF7-95F9-4270-A02B-D4EAB3814640}.Debug|Any CPU.Build.0 = Debug|Any CPU
		{B7231AF7-95F9-4270-A02B-D4EAB3814640}.Release|Any CPU.ActiveCfg = Release|Any CPU
		{B7231AF7-95F9-4270-A02B-D4EAB3814640}.Release|Any CPU.Build.0 = Release|Any CPU
		{47A19531-30C3-4328-801A-DE0E8619EF8F}.Debug|Any CPU.ActiveCfg = Debug|Any CPU
		{47A19531-30C3-4328-801A-DE0E8619EF8F}.Debug|Any CPU.Build.0 = Debug|Any CPU
		{47A19531-30C3-4328-801A-DE0E8619EF8F}.Release|Any CPU.ActiveCfg = Release|Any CPU
		{47A19531-30C3-4328-801A-DE0E8619EF8F}.Release|Any CPU.Build.0 = Release|Any CPU
	EndGlobalSection
	GlobalSection(SolutionProperties) = preSolution
		HideSolutionNode = FALSE
	EndGlobalSection
	GlobalSection(NestedProjects) = preSolution
		{D72949C2-3C98-4D8B-93F9-FB3D4879F371} = {1F681737-CD4A-40A2-9B62-687EC20653B1}
		{E9073B64-6EBA-47F4-8463-1372C40A3D31} = {1F681737-CD4A-40A2-9B62-687EC20653B1}
		{3B8832A8-E184-4AFD-80FC-08395F4905BA} = {1F681737-CD4A-40A2-9B62-687EC20653B1}
		{1B0D5337-C4CB-4C18-B6F8-74AFFDE13501} = {1F681737-CD4A-40A2-9B62-687EC20653B1}
		{8FAF8EED-70B8-476C-A2C3-235075E4273C} = {1F681737-CD4A-40A2-9B62-687EC20653B1}
		{D77C68AE-E869-4AB5-B4C5-12E09B881005} = {BB9EBF0A-7B37-4A92-9458-4AEA5C37490F}
		{06A042B0-9686-425A-8E25-BFB704B39870} = {BB9EBF0A-7B37-4A92-9458-4AEA5C37490F}
		{E0080F9C-EA1B-46FB-8E4E-ADE1BD788F6E} = {BB9EBF0A-7B37-4A92-9458-4AEA5C37490F}
		{E93F299F-E2C1-4767-930B-E5A24CF85E13} = {BB9EBF0A-7B37-4A92-9458-4AEA5C37490F}
		{9CAB5228-DD40-40BD-BFE7-DB43973E99AF} = {BB9EBF0A-7B37-4A92-9458-4AEA5C37490F}
		{D26A348C-4BB5-4A14-BDE2-B3F5921DD271} = {D0ABD7F8-1931-4535-885B-7C5E6AA9AEFA}
		{BE645DDE-99CB-45E8-8277-5C8D1BE0015A} = {D0ABD7F8-1931-4535-885B-7C5E6AA9AEFA}
		{F822BEE2-475A-49AB-90C0-43ECDBADC1EE} = {D0ABD7F8-1931-4535-885B-7C5E6AA9AEFA}
		{8AC914FF-2FB9-4FB6-9C4B-0DBD69857EAC} = {D0ABD7F8-1931-4535-885B-7C5E6AA9AEFA}
		{E4CFFDD9-34BB-4B84-A18B-CF6C18E12785} = {24FB6197-6B1D-472C-B515-CBBE8C54C700}
		{89F5CBD1-2799-4560-A5CC-482E0181DB50} = {24FB6197-6B1D-472C-B515-CBBE8C54C700}
		{F2A3C782-23EE-4BB3-ADE4-7A5307B8DA8F} = {24FB6197-6B1D-472C-B515-CBBE8C54C700}
		{B7231AF7-95F9-4270-A02B-D4EAB3814640} = {24FB6197-6B1D-472C-B515-CBBE8C54C700}
		{47A19531-30C3-4328-801A-DE0E8619EF8F} = {A9D9C96B-450B-49DC-9D99-2B39DA18F504}
	EndGlobalSection
	GlobalSection(ExtensibilityGlobals) = postSolution
		SolutionGuid = {60538E8C-23B0-41B8-B916-90C3E98EA624}
	EndGlobalSection
EndGlobal
